
Microsoft Visual Studio Solution File, Format Version 12.00
# Visual Studio Version 17
VisualStudioVersion = 17.5.33516.290
MinimumVisualStudioVersion = 10.0.40219.1
Project("{FAE04EC0-301F-11D3-BF4B-00C04F79EFBC}") = "AnimalsWPF", "AnimalsWPF\AnimalsWPF.csproj", "{CD06B727-2427-4656-A0DF-AB8A07A81FB3}"
EndProject
Global
	GlobalSection(SolutionConfigurationPlatforms) = preSolution
		Debug|Any CPU = Debug|Any CPU
		Release|Any CPU = Release|Any CPU
	EndGlobalSection
	GlobalSection(ProjectConfigurationPlatforms) = postSolution
		{CD06B727-2427-4656-A0DF-AB8A07A81FB3}.Debug|Any CPU.ActiveCfg = Debug|Any CPU
		{CD06B727-2427-4656-A0DF-AB8A07A81FB3}.Debug|Any CPU.Build.0 = Debug|Any CPU
		{CD06B727-2427-4656-A0DF-AB8A07A81FB3}.Release|Any CPU.ActiveCfg = Release|Any CPU
		{CD06B727-2427-4656-A0DF-AB8A07A81FB3}.Release|Any CPU.Build.0 = Release|Any CPU
	EndGlobalSection
	GlobalSection(SolutionProperties) = preSolution
		HideSolutionNode = FALSE
	EndGlobalSection
	GlobalSection(ExtensibilityGlobals) = postSolution
		SolutionGuid = {A7A72086-5EA8-4A1D-B3AB-409F3D1E7E7F}
	EndGlobalSection
EndGlobal
